{
  "nodes": {
    "home-manager": {
      "inputs": {
        "nixpkgs": [
          "nixpkgs"
        ],
        "utils": "utils"
      },
      "locked": {
        "lastModified": 1680597706,
        "narHash": "sha256-ZqJ3T+BxzjPH9TnmeUwS4Uu9ZQPeBXAFC9sUWlharT4=",
        "ref": "refs/heads/master",
        "rev": "ec06f419af79207b33d797064dfb3fc9dbe1df4a",
        "revCount": 2631,
        "type": "git",
        "url": "file:///home/bauerdic/home-manager"
      },
      "original": {
        "type": "git",
        "url": "file:///home/bauerdic/home-manager"
      }
    },
    "nixpkgs": {
      "locked": {
        "lastModified": 1680647623,
        "narHash": "sha256-S/Y8Sugmn6FDm8vNWZbnexFE8Zd0OvXLVMbKskifajo=",
        "ref": "refs/heads/master",
        "rev": "4c40162cb5a4317df6250308c93761cc29d09c40",
        "revCount": 470622,
        "type": "git",
        "url": "file:///home/bauerdic/nixpkgs"
      },
      "original": {
        "type": "git",
        "url": "file:///home/bauerdic/nixpkgs"
      }
    },
    "root": {
      "inputs": {
        "home-manager": "home-manager",
        "nixpkgs": "nixpkgs",
        "utils": "utils_2"
      }
    },
    "utils": {
      "locked": {
        "lastModified": 1676283394,
        "narHash": "sha256-XX2f9c3iySLCw54rJ/CZs+ZK6IQy7GXNY4nSOyu2QG4=",
        "owner": "numtide",
        "repo": "flake-utils",
        "rev": "3db36a8b464d0c4532ba1c7dda728f4576d6d073",
        "type": "github"
      },
      "original": {
        "owner": "numtide",
        "repo": "flake-utils",
        "type": "github"
      }
    },
    "utils_2": {
      "locked": {
        "lastModified": 1652776076,
        "narHash": "sha256-gzTw/v1vj4dOVbpBSJX4J0DwUR6LIyXo7/SuuTJp1kM=",
        "owner": "numtide",
        "repo": "flake-utils",
        "rev": "04c1b180862888302ddfb2e3ad9eaa63afc60cf8",
        "type": "github"
      },
      "original": {
        "owner": "numtide",
        "repo": "flake-utils",
        "type": "github"
      }
    }
  },
  "root": "root",
  "version": 7
}
